// !$*UTF8*$!
{
	archiveVersion = 1;
	classes = {
	};
	objectVersion = 55;
	objects = {

/* Begin PBXBuildFile section */
		22B25BCE27A0F70F003F21AB /* HomeView.swift in Sources */ = {isa = PBXBuildFile; fileRef = 22B25BCD27A0F70F003F21AB /* HomeView.swift */; };
		22B25BD027A0F86E003F21AB /* HomeViewModel.swift in Sources */ = {isa = PBXBuildFile; fileRef = 22B25BCF27A0F86E003F21AB /* HomeViewModel.swift */; };
		22B25BD327A1020E003F21AB /* CoinDataService.swift in Sources */ = {isa = PBXBuildFile; fileRef = 22B25BD227A1020E003F21AB /* CoinDataService.swift */; };
		22B8BB0D27923BFA00C64F02 /* IosProjectV1App.swift in Sources */ = {isa = PBXBuildFile; fileRef = 22B8BB0C27923BFA00C64F02 /* IosProjectV1App.swift */; };
		22B8BB1127923BFC00C64F02 /* Assets.xcassets in Resources */ = {isa = PBXBuildFile; fileRef = 22B8BB1027923BFC00C64F02 /* Assets.xcassets */; };
		22B8BB1427923BFC00C64F02 /* Preview Assets.xcassets in Resources */ = {isa = PBXBuildFile; fileRef = 22B8BB1327923BFC00C64F02 /* Preview Assets.xcassets */; };
		22B8BB1B27923C6C00C64F02 /* CoinModel.swift in Sources */ = {isa = PBXBuildFile; fileRef = 22B8BB1A27923C6C00C64F02 /* CoinModel.swift */; };
		22B8BB1D2792470600C64F02 /* CoinRowView.swift in Sources */ = {isa = PBXBuildFile; fileRef = 22B8BB1C2792470600C64F02 /* CoinRowView.swift */; };
		22B8BB262792486C00C64F02 /* PreviewProvider.swift in Sources */ = {isa = PBXBuildFile; fileRef = 22B8BB252792486C00C64F02 /* PreviewProvider.swift */; };
		22B8BB2827925F4D00C64F02 /* Double.swift in Sources */ = {isa = PBXBuildFile; fileRef = 22B8BB2727925F4D00C64F02 /* Double.swift */; };
/* End PBXBuildFile section */

/* Begin PBXFileReference section */
		22B25BCD27A0F70F003F21AB /* HomeView.swift */ = {isa = PBXFileReference; lastKnownFileType = sourcecode.swift; path = HomeView.swift; sourceTree = "<group>"; };
		22B25BCF27A0F86E003F21AB /* HomeViewModel.swift */ = {isa = PBXFileReference; lastKnownFileType = sourcecode.swift; path = HomeViewModel.swift; sourceTree = "<group>"; };
		22B25BD227A1020E003F21AB /* CoinDataService.swift */ = {isa = PBXFileReference; lastKnownFileType = sourcecode.swift; path = CoinDataService.swift; sourceTree = "<group>"; };
		22B8BB0927923BFA00C64F02 /* IosProjectV1.app */ = {isa = PBXFileReference; explicitFileType = wrapper.application; includeInIndex = 0; path = IosProjectV1.app; sourceTree = BUILT_PRODUCTS_DIR; };
		22B8BB0C27923BFA00C64F02 /* IosProjectV1App.swift */ = {isa = PBXFileReference; lastKnownFileType = sourcecode.swift; path = IosProjectV1App.swift; sourceTree = "<group>"; };
		22B8BB1027923BFC00C64F02 /* Assets.xcassets */ = {isa = PBXFileReference; lastKnownFileType = folder.assetcatalog; path = Assets.xcassets; sourceTree = "<group>"; };
		22B8BB1327923BFC00C64F02 /* Preview Assets.xcassets */ = {isa = PBXFileReference; lastKnownFileType = folder.assetcatalog; path = "Preview Assets.xcassets"; sourceTree = "<group>"; };
		22B8BB1A27923C6C00C64F02 /* CoinModel.swift */ = {isa = PBXFileReference; lastKnownFileType = sourcecode.swift; path = CoinModel.swift; sourceTree = "<group>"; };
		22B8BB1C2792470600C64F02 /* CoinRowView.swift */ = {isa = PBXFileReference; lastKnownFileType = sourcecode.swift; path = CoinRowView.swift; sourceTree = "<group>"; };
		22B8BB252792486C00C64F02 /* PreviewProvider.swift */ = {isa = PBXFileReference; lastKnownFileType = sourcecode.swift; path = PreviewProvider.swift; sourceTree = "<group>"; };
		22B8BB2727925F4D00C64F02 /* Double.swift */ = {isa = PBXFileReference; lastKnownFileType = sourcecode.swift; path = Double.swift; sourceTree = "<group>"; };
/* End PBXFileReference section */

/* Begin PBXFrameworksBuildPhase section */
		22B8BB0627923BFA00C64F02 /* Frameworks */ = {
			isa = PBXFrameworksBuildPhase;
			buildActionMask = 2147483647;
			files = (
			);
			runOnlyForDeploymentPostprocessing = 0;
		};
/* End PBXFrameworksBuildPhase section */

/* Begin PBXGroup section */
		22B25BD127A101E4003F21AB /* Services */ = {
			isa = PBXGroup;
			children = (
				22B25BD227A1020E003F21AB /* CoinDataService.swift */,
			);
			name = Services;
			sourceTree = "<group>";
		};
		22B8BB0027923BFA00C64F02 = {
			isa = PBXGroup;
			children = (
				22B8BB0B27923BFA00C64F02 /* IosProjectV1 */,
				22B8BB0A27923BFA00C64F02 /* Products */,
			);
			sourceTree = "<group>";
		};
		22B8BB0A27923BFA00C64F02 /* Products */ = {
			isa = PBXGroup;
			children = (
				22B8BB0927923BFA00C64F02 /* IosProjectV1.app */,
			);
			name = Products;
			sourceTree = "<group>";
		};
		22B8BB0B27923BFA00C64F02 /* IosProjectV1 */ = {
			isa = PBXGroup;
			children = (
				22B8BB0C27923BFA00C64F02 /* IosProjectV1App.swift */,
				22B8BB222792475B00C64F02 /* ViewModels */,
				22B8BB212792475100C64F02 /* Views */,
				22B8BB232792476F00C64F02 /* Models */,
				22B25BD127A101E4003F21AB /* Services */,
				22B8BB242792484400C64F02 /* Extensions */,
				22B8BB1027923BFC00C64F02 /* Assets.xcassets */,
				22B8BB1227923BFC00C64F02 /* Preview Content */,
			);
			path = IosProjectV1;
			sourceTree = "<group>";
		};
		22B8BB1227923BFC00C64F02 /* Preview Content */ = {
			isa = PBXGroup;
			children = (
				22B8BB1327923BFC00C64F02 /* Preview Assets.xcassets */,
			);
			path = "Preview Content";
			sourceTree = "<group>";
		};
		22B8BB212792475100C64F02 /* Views */ = {
			isa = PBXGroup;
			children = (
				22B8BB1C2792470600C64F02 /* CoinRowView.swift */,
				22B25BCD27A0F70F003F21AB /* HomeView.swift */,
			);
			path = Views;
			sourceTree = "<group>";
		};
		22B8BB222792475B00C64F02 /* ViewModels */ = {
			isa = PBXGroup;
			children = (
				22B25BCF27A0F86E003F21AB /* HomeViewModel.swift */,
			);
			name = ViewModels;
			sourceTree = "<group>";
		};
		22B8BB232792476F00C64F02 /* Models */ = {
			isa = PBXGroup;
			children = (
				22B8BB1A27923C6C00C64F02 /* CoinModel.swift */,
			);
			path = Models;
			sourceTree = "<group>";
		};
		22B8BB242792484400C64F02 /* Extensions */ = {
			isa = PBXGroup;
			children = (
				22B8BB252792486C00C64F02 /* PreviewProvider.swift */,
				22B8BB2727925F4D00C64F02 /* Double.swift */,
			);
			name = Extensions;
			sourceTree = "<group>";
		};
/* End PBXGroup section */

/* Begin PBXNativeTarget section */
		22B8BB0827923BFA00C64F02 /* IosProjectV1 */ = {
			isa = PBXNativeTarget;
			buildConfigurationList = 22B8BB1727923BFC00C64F02 /* Build configuration list for PBXNativeTarget "IosProjectV1" */;
			buildPhases = (
				22B8BB0527923BFA00C64F02 /* Sources */,
				22B8BB0627923BFA00C64F02 /* Frameworks */,
				22B8BB0727923BFA00C64F02 /* Resources */,
			);
			buildRules = (
			);
			dependencies = (
			);
			name = IosProjectV1;
			productName = IosProjectV1;
			productReference = 22B8BB0927923BFA00C64F02 /* IosProjectV1.app */;
			productType = "com.apple.product-type.application";
		};
/* End PBXNativeTarget section */

/* Begin PBXProject section */
		22B8BB0127923BFA00C64F02 /* Project object */ = {
			isa = PBXProject;
			attributes = {
				BuildIndependentTargetsInParallel = 1;
				LastSwiftUpdateCheck = 1320;
				LastUpgradeCheck = 1320;
				TargetAttributes = {
					22B8BB0827923BFA00C64F02 = {
						CreatedOnToolsVersion = 13.2.1;
					};
				};
			};
			buildConfigurationList = 22B8BB0427923BFA00C64F02 /* Build configuration list for PBXProject "IosProjectV1" */;
			compatibilityVersion = "Xcode 13.0";
			developmentRegion = en;
			hasScannedForEncodings = 0;
			knownRegions = (
				en,
				Base,
			);
			mainGroup = 22B8BB0027923BFA00C64F02;
			productRefGroup = 22B8BB0A27923BFA00C64F02 /* Products */;
			projectDirPath = "";
			projectRoot = "";
			targets = (
				22B8BB0827923BFA00C64F02 /* IosProjectV1 */,
			);
		};
/* End PBXProject section */

/* Begin PBXResourcesBuildPhase section */
		22B8BB0727923BFA00C64F02 /* Resources */ = {
			isa = PBXResourcesBuildPhase;
			buildActionMask = 2147483647;
			files = (
				22B8BB1427923BFC00C64F02 /* Preview Assets.xcassets in Resources */,
				22B8BB1127923BFC00C64F02 /* Assets.xcassets in Resources */,
			);
			runOnlyForDeploymentPostprocessing = 0;
		};
/* End PBXResourcesBuildPhase section */

/* Begin PBXSourcesBuildPhase section */
		22B8BB0527923BFA00C64F02 /* Sources */ = {
			isa = PBXSourcesBuildPhase;
			buildActionMask = 2147483647;
			files = (
				22B8BB1D2792470600C64F02 /* CoinRowView.swift in Sources */,
				22B25BCE27A0F70F003F21AB /* HomeView.swift in Sources */,
				22B25BD027A0F86E003F21AB /* HomeViewModel.swift in Sources */,
				22B8BB1B27923C6C00C64F02 /* CoinModel.swift in Sources */,
				22B8BB0D27923BFA00C64F02 /* IosProjectV1App.swift in Sources */,
				22B25BD327A1020E003F21AB /* CoinDataService.swift in Sources */,
				22B8BB2827925F4D00C64F02 /* Double.swift in Sources */,
				22B8BB262792486C00C64F02 /* PreviewProvider.swift in Sources */,
			);
			runOnlyForDeploymentPostprocessing = 0;
		};
/* End PBXSourcesBuildPhase section */

/* Begin XCBuildConfiguration section */
		22B8BB1527923BFC00C64F02 /* Debug */ = {
			isa = XCBuildConfiguration;
			buildSettings = {
				ALWAYS_SEARCH_USER_PATHS = NO;
				CLANG_ANALYZER_NONNULL = YES;
				CLANG_ANALYZER_NUMBER_OBJECT_CONVERSION = YES_AGGRESSIVE;
				CLANG_CXX_LANGUAGE_STANDARD = "gnu++17";
				CLANG_CXX_LIBRARY = "libc++";
				CLANG_ENABLE_MODULES = YES;
				CLANG_ENABLE_OBJC_ARC = YES;
				CLANG_ENABLE_OBJC_WEAK = YES;
				CLANG_WARN_BLOCK_CAPTURE_AUTORELEASING = YES;
				CLANG_WARN_BOOL_CONVERSION = YES;
				CLANG_WARN_COMMA = YES;
				CLANG_WARN_CONSTANT_CONVERSION = YES;
				CLANG_WARN_DEPRECATED_OBJC_IMPLEMENTATIONS = YES;
				CLANG_WARN_DIRECT_OBJC_ISA_USAGE = YES_ERROR;
				CLANG_WARN_DOCUMENTATION_COMMENTS = YES;
				CLANG_WARN_EMPTY_BODY = YES;
				CLANG_WARN_ENUM_CONVERSION = YES;
				CLANG_WARN_INFINITE_RECURSION = YES;
				CLANG_WARN_INT_CONVERSION = YES;
				CLANG_WARN_NON_LITERAL_NULL_CONVERSION = YES;
				CLANG_WARN_OBJC_IMPLICIT_RETAIN_SELF = YES;
				CLANG_WARN_OBJC_LITERAL_CONVERSION = YES;
				CLANG_WARN_OBJC_ROOT_CLASS = YES_ERROR;
				CLANG_WARN_QUOTED_INCLUDE_IN_FRAMEWORK_HEADER = YES;
				CLANG_WARN_RANGE_LOOP_ANALYSIS = YES;
				CLANG_WARN_STRICT_PROTOTYPES = YES;
				CLANG_WARN_SUSPICIOUS_MOVE = YES;
				CLANG_WARN_UNGUARDED_AVAILABILITY = YES_AGGRESSIVE;
				CLANG_WARN_UNREACHABLE_CODE = YES;
				CLANG_WARN__DUPLICATE_METHOD_MATCH = YES;
				COPY_PHASE_STRIP = NO;
				DEBUG_INFORMATION_FORMAT = dwarf;
				ENABLE_STRICT_OBJC_MSGSEND = YES;
				ENABLE_TESTABILITY = YES;
				GCC_C_LANGUAGE_STANDARD = gnu11;
				GCC_DYNAMIC_NO_PIC = NO;
				GCC_NO_COMMON_BLOCKS = YES;
				GCC_OPTIMIZATION_LEVEL = 0;
				GCC_PREPROCESSOR_DEFINITIONS = (
					"DEBUG=1",
					"$(inherited)",
				);
				GCC_WARN_64_TO_32_BIT_CONVERSION = YES;
				GCC_WARN_ABOUT_RETURN_TYPE = YES_ERROR;
				GCC_WARN_UNDECLARED_SELECTOR = YES;
				GCC_WARN_UNINITIALIZED_AUTOS = YES_AGGRESSIVE;
				GCC_WARN_UNUSED_FUNCTION = YES;
				GCC_WARN_UNUSED_VARIABLE = YES;
				IPHONEOS_DEPLOYMENT_TARGET = 15.2;
				MTL_ENABLE_DEBUG_INFO = INCLUDE_SOURCE;
				MTL_FAST_MATH = YES;
				ONLY_ACTIVE_ARCH = YES;
				SDKROOT = iphoneos;
				SWIFT_ACTIVE_COMPILATION_CONDITIONS = DEBUG;
				SWIFT_OPTIMIZATION_LEVEL = "-Onone";
			};
			name = Debug;
		};
		22B8BB1627923BFC00C64F02 /* Release */ = {
			isa = XCBuildConfiguration;
			buildSettings = {
				ALWAYS_SEARCH_USER_PATHS = NO;
				CLANG_ANALYZER_NONNULL = YES;
				CLANG_ANALYZER_NUMBER_OBJECT_CONVERSION = YES_AGGRESSIVE;
				CLANG_CXX_LANGUAGE_STANDARD = "gnu++17";
				CLANG_CXX_LIBRARY = "libc++";
				CLANG_ENABLE_MODULES = YES;
				CLANG_ENABLE_OBJC_ARC = YES;
				CLANG_ENABLE_OBJC_WEAK = YES;
				CLANG_WARN_BLOCK_CAPTURE_AUTORELEASING = YES;
				CLANG_WARN_BOOL_CONVERSION = YES;
				CLANG_WARN_COMMA = YES;
				CLANG_WARN_CONSTANT_CONVERSION = YES;
				CLANG_WARN_DEPRECATED_OBJC_IMPLEMENTATIONS = YES;
				CLANG_WARN_DIRECT_OBJC_ISA_USAGE = YES_ERROR;
				CLANG_WARN_DOCUMENTATION_COMMENTS = YES;
				CLANG_WARN_EMPTY_BODY = YES;
				CLANG_WARN_ENUM_CONVERSION = YES;
				CLANG_WARN_INFINITE_RECURSION = YES;
				CLANG_WARN_INT_CONVERSION = YES;
				CLANG_WARN_NON_LITERAL_NULL_CONVERSION = YES;
				CLANG_WARN_OBJC_IMPLICIT_RETAIN_SELF = YES;
				CLANG_WARN_OBJC_LITERAL_CONVERSION = YES;
				CLANG_WARN_OBJC_ROOT_CLASS = YES_ERROR;
				CLANG_WARN_QUOTED_INCLUDE_IN_FRAMEWORK_HEADER = YES;
				CLANG_WARN_RANGE_LOOP_ANALYSIS = YES;
				CLANG_WARN_STRICT_PROTOTYPES = YES;
				CLANG_WARN_SUSPICIOUS_MOVE = YES;
				CLANG_WARN_UNGUARDED_AVAILABILITY = YES_AGGRESSIVE;
				CLANG_WARN_UNREACHABLE_CODE = YES;
				CLANG_WARN__DUPLICATE_METHOD_MATCH = YES;
				COPY_PHASE_STRIP = NO;
				DEBUG_INFORMATION_FORMAT = "dwarf-with-dsym";
				ENABLE_NS_ASSERTIONS = NO;
				ENABLE_STRICT_OBJC_MSGSEND = YES;
				GCC_C_LANGUAGE_STANDARD = gnu11;
				GCC_NO_COMMON_BLOCKS = YES;
				GCC_WARN_64_TO_32_BIT_CONVERSION = YES;
				GCC_WARN_ABOUT_RETURN_TYPE = YES_ERROR;
				GCC_WARN_UNDECLARED_SELECTOR = YES;
				GCC_WARN_UNINITIALIZED_AUTOS = YES_AGGRESSIVE;
				GCC_WARN_UNUSED_FUNCTION = YES;
				GCC_WARN_UNUSED_VARIABLE = YES;
				IPHONEOS_DEPLOYMENT_TARGET = 15.2;
				MTL_ENABLE_DEBUG_INFO = NO;
				MTL_FAST_MATH = YES;
				SDKROOT = iphoneos;
				SWIFT_COMPILATION_MODE = wholemodule;
				SWIFT_OPTIMIZATION_LEVEL = "-O";
				VALIDATE_PRODUCT = YES;
			};
			name = Release;
		};
		22B8BB1827923BFC00C64F02 /* Debug */ = {
			isa = XCBuildConfiguration;
			buildSettings = {
				ASSETCATALOG_COMPILER_APPICON_NAME = AppIcon;
				ASSETCATALOG_COMPILER_GLOBAL_ACCENT_COLOR_NAME = AccentColor;
				CODE_SIGN_STYLE = Automatic;
				CURRENT_PROJECT_VERSION = 1;
				DEVELOPMENT_ASSET_PATHS = "\"IosProjectV1/Preview Content\"";
				DEVELOPMENT_TEAM = HFAT5MSZJX;
				ENABLE_PREVIEWS = YES;
				GENERATE_INFOPLIST_FILE = YES;
				INFOPLIST_KEY_UIApplicationSceneManifest_Generation = YES;
				INFOPLIST_KEY_UIApplicationSupportsIndirectInputEvents = YES;
				INFOPLIST_KEY_UILaunchScreen_Generation = YES;
				INFOPLIST_KEY_UISupportedInterfaceOrientations = UIInterfaceOrientationPortrait;
				INFOPLIST_KEY_UISupportedInterfaceOrientations_iPad = "UIInterfaceOrientationPortrait UIInterfaceOrientationPortraitUpsideDown UIInterfaceOrientationLandscapeLeft UIInterfaceOrientationLandscapeRight";
				INFOPLIST_KEY_UISupportedInterfaceOrientations_iPhone = "UIInterfaceOrientationPortrait UIInterfaceOrientationLandscapeLeft UIInterfaceOrientationLandscapeRight";
				LD_RUNPATH_SEARCH_PATHS = (
					"$(inherited)",
					"@executable_path/Frameworks",
				);
				MARKETING_VERSION = 1.0;
				PRODUCT_BUNDLE_IDENTIFIER = com.beytasdenizcan.IosProjectV1;
				PRODUCT_NAME = "$(TARGET_NAME)";
				SWIFT_EMIT_LOC_STRINGS = YES;
				SWIFT_VERSION = 5.0;
				TARGETED_DEVICE_FAMILY = "1,2";
			};
			name = Debug;
		};
		22B8BB1927923BFC00C64F02 /* Release */ = {
			isa = XCBuildConfiguration;
			buildSettings = {
				ASSETCATALOG_COMPILER_APPICON_NAME = AppIcon;
				ASSETCATALOG_COMPILER_GLOBAL_ACCENT_COLOR_NAME = AccentColor;
				CODE_SIGN_STYLE = Automatic;
				CURRENT_PROJECT_VERSION = 1;
				DEVELOPMENT_ASSET_PATHS = "\"IosProjectV1/Preview Content\"";
				DEVELOPMENT_TEAM = HFAT5MSZJX;
				ENABLE_PREVIEWS = YES;
				GENERATE_INFOPLIST_FILE = YES;
				INFOPLIST_KEY_UIApplicationSceneManifest_Generation = YES;
				INFOPLIST_KEY_UIApplicationSupportsIndirectInputEvents = YES;
				INFOPLIST_KEY_UILaunchScreen_Generation = YES;
				INFOPLIST_KEY_UISupportedInterfaceOrientations = UIInterfaceOrientationPortrait;
				INFOPLIST_KEY_UISupportedInterfaceOrientations_iPad = "UIInterfaceOrientationPortrait UIInterfaceOrientationPortraitUpsideDown UIInterfaceOrientationLandscapeLeft UIInterfaceOrientationLandscapeRight";
				INFOPLIST_KEY_UISupportedInterfaceOrientations_iPhone = "UIInterfaceOrientationPortrait UIInterfaceOrientationLandscapeLeft UIInterfaceOrientationLandscapeRight";
				LD_RUNPATH_SEARCH_PATHS = (
					"$(inherited)",
					"@executable_path/Frameworks",
				);
				MARKETING_VERSION = 1.0;
				PRODUCT_BUNDLE_IDENTIFIER = com.beytasdenizcan.IosProjectV1;
				PRODUCT_NAME = "$(TARGET_NAME)";
				SWIFT_EMIT_LOC_STRINGS = YES;
				SWIFT_VERSION = 5.0;
				TARGETED_DEVICE_FAMILY = "1,2";
			};
			name = Release;
		};
/* End XCBuildConfiguration section */

/* Begin XCConfigurationList section */
		22B8BB0427923BFA00C64F02 /* Build configuration list for PBXProject "IosProjectV1" */ = {
			isa = XCConfigurationList;
			buildConfigurations = (
				22B8BB1527923BFC00C64F02 /* Debug */,
				22B8BB1627923BFC00C64F02 /* Release */,
			);
			defaultConfigurationIsVisible = 0;
			defaultConfigurationName = Release;
		};
		22B8BB1727923BFC00C64F02 /* Build configuration list for PBXNativeTarget "IosProjectV1" */ = {
			isa = XCConfigurationList;
			buildConfigurations = (
				22B8BB1827923BFC00C64F02 /* Debug */,
				22B8BB1927923BFC00C64F02 /* Release */,
			);
			defaultConfigurationIsVisible = 0;
			defaultConfigurationName = Release;
		};
/* End XCConfigurationList section */
	};
	rootObject = 22B8BB0127923BFA00C64F02 /* Project object */;
}
